{
  "name": "webauthn-codelab",
  "version": "0.0.1",
  "lockfileVersion": 1,
  "requires": true,
  "dependencies": {
    "asn1.js": {
      "version": "4.10.1",
      "resolved": "https://registry.npmjs.org/asn1.js/-/asn1.js-4.10.1.tgz",
      "integrity": "sha512-p32cOF5q0Zqs9uBiONKYLm6BClCoBCM5O9JfeUSlnQLBTxYdTK+pW+nXflm8UkKd2UYlEbYz5qEi0JuZR9ckSw==",
      "requires": {
        "bn.js": "^4.0.0",
        "inherits": "^2.0.1",
        "minimalistic-assert": "^1.0.0"
      }
    },
    "asn1js": {
      "version": "2.0.22",
      "resolved": "https://registry.npmjs.org/asn1js/-/asn1js-2.0.22.tgz",
      "integrity": "sha512-mKox8OHPmLZY0FUbd8JYsAu2lQk61yFH8gTq4N7AT7NzmUKISpy0LEjV/AfLyE/SNCUicdMDZUFbocsf/9qOTg==",
      "requires": {
        "pvutils": "^1.0.17"
      }
    },
    "base64url": {
      "version": "3.0.1",
      "resolved": "https://registry.npmjs.org/base64url/-/base64url-3.0.1.tgz",
      "integrity": "sha512-ir1UPr3dkwexU7FdV8qBBbNDRUhMmIekYMFZfi+C/sLNnRESKPl23nB9b2pltqfOQNnGzsDdId90AEtG5tCx4A=="
    },
    "bignumber.js": {
      "version": "8.1.1",
      "resolved": "https://registry.npmjs.org/bignumber.js/-/bignumber.js-8.1.1.tgz",
      "integrity": "sha512-QD46ppGintwPGuL1KqmwhR0O+N2cZUg8JG/VzwI2e28sM9TqHjQB10lI4QAaMHVbLzwVLLAwEglpKPViWX+5NQ=="
    },
    "bn.js": {
      "version": "4.11.8",
      "resolved": "https://registry.npmjs.org/bn.js/-/bn.js-4.11.8.tgz",
      "integrity": "sha512-ItfYfPLkWHUjckQCk8xC+LwxgK8NYcXywGigJgSwOP8Y2iyWT4f2vsZnoOXTTbo+o5yXmIUJ4gn5538SO5S3gA=="
    },
    "brorand": {
      "version": "1.1.0",
      "resolved": "https://registry.npmjs.org/brorand/-/brorand-1.1.0.tgz",
      "integrity": "sha1-EsJe/kCkXjwyPrhnWgoM5XsiNx8="
    },
    "bytestreamjs": {
      "version": "1.0.27",
      "resolved": "https://registry.npmjs.org/bytestreamjs/-/bytestreamjs-1.0.27.tgz",
      "integrity": "sha512-P3eEIZi2olI+lgb7RpGRluJdGoDdSzh0A9hmNP4s7YHiuuw1KRKARxmkdDkDhQCGmV14OVkieTmE/F1/roxiWg=="
    },
    "cbor": {
      "version": "4.1.5",
      "resolved": "https://registry.npmjs.org/cbor/-/cbor-4.1.5.tgz",
      "integrity": "sha512-WqpISHl7/kk1u1uoaqctGyGiET3+wGN4A6pPsFCzEBztJJlCVxnMB4JwcuuNSrMiV4V6UBlxMkhNzJrUxDWO1A==",
      "requires": {
        "bignumber.js": "^8.0.2",
        "commander": "^2.19.0",
        "json-text-sequence": "^0.1",
        "nofilter": "^1.0.1"
      }
    },
    "commander": {
      "version": "2.20.0",
      "resolved": "https://registry.npmjs.org/commander/-/commander-2.20.0.tgz",
      "integrity": "sha512-7j2y+40w61zy6YC2iRNpUe/NwhNyoXrYpHMrSunaMG64nRnaf96zO/KMQR4OyN/UnE5KLyEBnKHd4aG3rskjpQ=="
    },
    "cookie-parser": {
      "version": "1.4.4",
      "requires": {
        "cookie": "0.3.1",
        "cookie-signature": "1.0.6"
      },
      "dependencies": {
        "cookie": {
          "version": "0.3.1",
          "bundled": true
        },
        "cookie-signature": {
          "version": "1.0.6",
          "bundled": true
        }
      }
    },
    "cose-to-jwk": {
      "version": "1.1.0",
      "resolved": "https://registry.npmjs.org/cose-to-jwk/-/cose-to-jwk-1.1.0.tgz",
      "integrity": "sha512-DbR/XPptfo+kcoA77jWPTe4JS0MrpOXAg0sgVr2FeZMnTGGpppOL072e2hgPHTVbSoMkt5l0qDv/k2xCn+79Cg==",
      "requires": {
        "cbor": "^4.0.0"
      }
    },
    "crypto": {
      "version": "1.0.1"
    },
    "delimit-stream": {
      "version": "0.1.0",
      "resolved": "https://registry.npmjs.org/delimit-stream/-/delimit-stream-0.1.0.tgz",
      "integrity": "sha1-m4MZR3wOX4rrPONXrjBfwl6hzSs="
    },
    "elliptic": {
      "version": "6.4.1",
      "resolved": "https://registry.npmjs.org/elliptic/-/elliptic-6.4.1.tgz",
      "integrity": "sha512-BsXLz5sqX8OHcsh7CqBMztyXARmGQ3LWPtGjJi6DiJHq5C/qvi9P3OqgswKSDftbu8+IoI/QDTAm2fFnQ9SZSQ==",
      "requires": {
        "bn.js": "^4.4.0",
        "brorand": "^1.0.1",
        "hash.js": "^1.0.0",
        "hmac-drbg": "^1.0.0",
        "inherits": "^2.0.1",
        "minimalistic-assert": "^1.0.0",
        "minimalistic-crypto-utils": "^1.0.0"
      }
    },
    "es6-promise": {
      "version": "4.2.6",
      "resolved": "https://registry.npmjs.org/es6-promise/-/es6-promise-4.2.6.tgz",
      "integrity": "sha512-aRVgGdnmW2OiySVPUC9e6m+plolMAJKjZnQlCwNSuK5yQ0JN61DZSO1X1Ufd1foqWRAlig0rhduTCHe7sVtK5Q=="
    },
    "express": {
      "version": "4.16.4",
      "requires": {
        "accepts": "~1.3.5",
        "array-flatten": "1.1.1",
        "body-parser": "1.18.3",
        "content-disposition": "0.5.2",
        "content-type": "~1.0.4",
        "cookie": "0.3.1",
        "cookie-signature": "1.0.6",
        "debug": "2.6.9",
        "depd": "~1.1.2",
        "encodeurl": "~1.0.2",
        "escape-html": "~1.0.3",
        "etag": "~1.8.1",
        "finalhandler": "1.1.1",
        "fresh": "0.5.2",
        "merge-descriptors": "1.0.1",
        "methods": "~1.1.2",
        "on-finished": "~2.3.0",
        "parseurl": "~1.3.2",
        "path-to-regexp": "0.1.7",
        "proxy-addr": "~2.0.4",
        "qs": "6.5.2",
        "range-parser": "~1.2.0",
        "safe-buffer": "5.1.2",
        "send": "0.16.2",
        "serve-static": "1.13.2",
        "setprototypeof": "1.1.0",
        "statuses": "~1.4.0",
        "type-is": "~1.6.16",
        "utils-merge": "1.0.1",
        "vary": "~1.1.2"
      },
      "dependencies": {
        "accepts": {
          "version": "1.3.7",
          "bundled": true,
          "requires": {
            "mime-types": "~2.1.24",
            "negotiator": "0.6.2"
          }
        },
        "array-flatten": {
          "version": "1.1.1",
          "bundled": true
        },
        "body-parser": {
          "version": "1.18.3",
          "bundled": true,
          "requires": {
            "bytes": "3.0.0",
            "content-type": "~1.0.4",
            "debug": "2.6.9",
            "depd": "~1.1.2",
            "http-errors": "~1.6.3",
            "iconv-lite": "0.4.23",
            "on-finished": "~2.3.0",
            "qs": "6.5.2",
            "raw-body": "2.3.3",
            "type-is": "~1.6.16"
          }
        },
        "bytes": {
          "version": "3.0.0",
          "bundled": true
        },
        "content-disposition": {
          "version": "0.5.2",
          "bundled": true
        },
        "content-type": {
          "version": "1.0.4",
          "bundled": true
        },
        "cookie": {
          "version": "0.3.1",
          "bundled": true
        },
        "cookie-signature": {
          "version": "1.0.6",
          "bundled": true
        },
        "debug": {
          "version": "2.6.9",
          "bundled": true,
          "requires": {
            "ms": "2.0.0"
          }
        },
        "depd": {
          "version": "1.1.2",
          "bundled": true
        },
        "destroy": {
          "version": "1.0.4",
          "bundled": true
        },
        "ee-first": {
          "version": "1.1.1",
          "bundled": true
        },
        "encodeurl": {
          "version": "1.0.2",
          "bundled": true
        },
        "escape-html": {
          "version": "1.0.3",
          "bundled": true
        },
        "etag": {
          "version": "1.8.1",
          "bundled": true
        },
        "finalhandler": {
          "version": "1.1.1",
          "bundled": true,
          "requires": {
            "debug": "2.6.9",
            "encodeurl": "~1.0.2",
            "escape-html": "~1.0.3",
            "on-finished": "~2.3.0",
            "parseurl": "~1.3.2",
            "statuses": "~1.4.0",
            "unpipe": "~1.0.0"
          }
        },
        "forwarded": {
          "version": "0.1.2",
          "bundled": true
        },
        "fresh": {
          "version": "0.5.2",
          "bundled": true
        },
        "http-errors": {
          "version": "1.6.3",
          "bundled": true,
          "requires": {
            "depd": "~1.1.2",
            "inherits": "2.0.3",
            "setprototypeof": "1.1.0",
            "statuses": ">= 1.4.0 < 2"
          }
        },
        "iconv-lite": {
          "version": "0.4.23",
          "bundled": true,
          "requires": {
            "safer-buffer": ">= 2.1.2 < 3"
          }
        },
        "inherits": {
          "version": "2.0.3",
          "bundled": true
        },
        "ipaddr.js": {
          "version": "1.9.0",
          "bundled": true
        },
        "media-typer": {
          "version": "0.3.0",
          "bundled": true
        },
        "merge-descriptors": {
          "version": "1.0.1",
          "bundled": true
        },
        "methods": {
          "version": "1.1.2",
          "bundled": true
        },
        "mime": {
          "version": "1.4.1",
          "bundled": true
        },
        "mime-db": {
          "version": "1.40.0",
          "bundled": true
        },
        "mime-types": {
          "version": "2.1.24",
          "bundled": true,
          "requires": {
            "mime-db": "1.40.0"
          }
        },
        "ms": {
          "version": "2.0.0",
          "bundled": true
        },
        "negotiator": {
          "version": "0.6.2",
          "bundled": true
        },
        "on-finished": {
          "version": "2.3.0",
          "bundled": true,
          "requires": {
            "ee-first": "1.1.1"
          }
        },
        "parseurl": {
          "version": "1.3.3",
          "bundled": true
        },
        "path-to-regexp": {
          "version": "0.1.7",
          "bundled": true
        },
        "proxy-addr": {
          "version": "2.0.5",
          "bundled": true,
          "requires": {
            "forwarded": "~0.1.2",
            "ipaddr.js": "1.9.0"
          }
        },
        "qs": {
          "version": "6.5.2",
          "bundled": true
        },
        "range-parser": {
          "version": "1.2.1",
          "bundled": true
        },
        "raw-body": {
          "version": "2.3.3",
          "bundled": true,
          "requires": {
            "bytes": "3.0.0",
            "http-errors": "1.6.3",
            "iconv-lite": "0.4.23",
            "unpipe": "1.0.0"
          }
        },
        "safe-buffer": {
          "version": "5.1.2",
          "bundled": true
        },
        "safer-buffer": {
          "version": "2.1.2",
          "bundled": true
        },
        "send": {
          "version": "0.16.2",
          "bundled": true,
          "requires": {
            "debug": "2.6.9",
            "depd": "~1.1.2",
            "destroy": "~1.0.4",
            "encodeurl": "~1.0.2",
            "escape-html": "~1.0.3",
            "etag": "~1.8.1",
            "fresh": "0.5.2",
            "http-errors": "~1.6.2",
            "mime": "1.4.1",
            "ms": "2.0.0",
            "on-finished": "~2.3.0",
            "range-parser": "~1.2.0",
            "statuses": "~1.4.0"
          }
        },
        "serve-static": {
          "version": "1.13.2",
          "bundled": true,
          "requires": {
            "encodeurl": "~1.0.2",
            "escape-html": "~1.0.3",
            "parseurl": "~1.3.2",
            "send": "0.16.2"
          }
        },
        "setprototypeof": {
          "version": "1.1.0",
          "bundled": true
        },
        "statuses": {
          "version": "1.4.0",
          "bundled": true
        },
        "type-is": {
          "version": "1.6.18",
          "bundled": true,
          "requires": {
            "media-typer": "0.3.0",
            "mime-types": "~2.1.24"
          }
        },
        "unpipe": {
          "version": "1.0.0",
          "bundled": true
        },
        "utils-merge": {
          "version": "1.0.1",
          "bundled": true
        },
        "vary": {
          "version": "1.1.2",
          "bundled": true
        }
      }
    },
    "fido2-lib": {
      "version": "git+https://git@github.com/agektmr/fido2-lib.git#252ae28ef9f98d5bf54d4881ac6ce0f80816f096",
      "from": "git+https://git@github.com/agektmr/fido2-lib.git",
      "requires": {
        "asn1js": "^2.0.18",
        "cbor": "^4.0.0",
        "cose-to-jwk": "^1.1.0",
        "jwk-to-pem": "^2.0.0",
        "node-jose": "^1.0.0",
        "node-webcrypto-ossl": "^1.0.35",
        "pkijs": "=2.1.58",
        "psl": "^1.1.24"
      }
    },
    "hash.js": {
      "version": "1.1.7",
      "resolved": "https://registry.npmjs.org/hash.js/-/hash.js-1.1.7.tgz",
      "integrity": "sha512-taOaskGt4z4SOANNseOviYDvjEJinIkRgmp7LbKP2YTTmVxWBl87s/uzK9r+44BclBSp2X7K1hqeNfz9JbBeXA==",
      "requires": {
        "inherits": "^2.0.3",
        "minimalistic-assert": "^1.0.1"
      }
    },
    "hbs": {
      "version": "4.0.4",
      "requires": {
        "handlebars": "4.0.14",
        "walk": "2.3.9"
      },
      "dependencies": {
        "async": {
          "version": "2.6.2",
          "bundled": true,
          "requires": {
            "lodash": "^4.17.11"
          }
        },
        "commander": {
          "version": "2.20.0",
          "bundled": true,
          "optional": true
        },
        "foreachasync": {
          "version": "3.0.0",
          "bundled": true
        },
        "handlebars": {
          "version": "4.0.14",
          "bundled": true,
          "requires": {
            "async": "^2.5.0",
            "optimist": "^0.6.1",
            "source-map": "^0.6.1",
            "uglify-js": "^3.1.4"
          }
        },
        "lodash": {
          "version": "4.17.11",
          "bundled": true
        },
        "minimist": {
          "version": "0.0.10",
          "bundled": true
        },
        "optimist": {
          "version": "0.6.1",
          "bundled": true,
          "requires": {
            "minimist": "~0.0.1",
            "wordwrap": "~0.0.2"
          }
        },
        "source-map": {
          "version": "0.6.1",
          "bundled": true
        },
        "uglify-js": {
          "version": "3.5.12",
          "bundled": true,
          "optional": true,
          "requires": {
            "commander": "~2.20.0",
            "source-map": "~0.6.1"
          }
        },
        "walk": {
          "version": "2.3.9",
          "bundled": true,
          "requires": {
            "foreachasync": "^3.0.0"
          }
        },
        "wordwrap": {
          "version": "0.0.3",
          "bundled": true
        }
      }
    },
    "hmac-drbg": {
      "version": "1.0.1",
      "resolved": "https://registry.npmjs.org/hmac-drbg/-/hmac-drbg-1.0.1.tgz",
      "integrity": "sha1-0nRXAQJabHdabFRXk+1QL8DGSaE=",
      "requires": {
        "hash.js": "^1.0.3",
        "minimalistic-assert": "^1.0.0",
        "minimalistic-crypto-utils": "^1.0.1"
      }
    },
    "inherits": {
      "version": "2.0.3",
      "resolved": "https://registry.npmjs.org/inherits/-/inherits-2.0.3.tgz",
      "integrity": "sha1-Yzwsg+PaQqUC9SRmAiSA9CCCYd4="
    },
    "json-text-sequence": {
      "version": "0.1.1",
      "resolved": "https://registry.npmjs.org/json-text-sequence/-/json-text-sequence-0.1.1.tgz",
      "integrity": "sha1-py8hfcSvxGKf/1/rME3BvVGi89I=",
      "requires": {
        "delimit-stream": "0.1.0"
      }
    },
    "jwk-to-pem": {
      "version": "2.0.1",
      "resolved": "https://registry.npmjs.org/jwk-to-pem/-/jwk-to-pem-2.0.1.tgz",
      "integrity": "sha512-KKu0WuDDjqw2FlRFp9/vk9TMO/KvgpZVKzdhhYcNyy5OwE8dw9lOK5OQTQHIJ7m+HioI/4P44sAtVuDrQ8KQfw==",
      "requires": {
        "asn1.js": "^4.5.2",
        "elliptic": "^6.2.3",
        "safe-buffer": "^5.0.1"
      }
    },
    "lodash": {
      "version": "4.17.11",
      "resolved": "https://registry.npmjs.org/lodash/-/lodash-4.17.11.tgz",
      "integrity": "sha512-cQKh8igo5QUhZ7lg38DYWAxMvjSAKG0A8wGSVimP07SIUEK2UO+arSRKbRZWtelMtN5V0Hkwh5ryOto/SshYIg=="
    },
    "long": {
      "version": "4.0.0",
      "resolved": "https://registry.npmjs.org/long/-/long-4.0.0.tgz",
      "integrity": "sha512-XsP+KhQif4bjX1kbuSiySJFNAehNxgLb6hPRGJ9QsUr8ajHkuXGdrHmFUTUUXhDwVX2R5bY4JNZEwbUiMhV+MA=="
    },
    "lowdb": {
      "version": "1.0.0",
      "requires": {
        "graceful-fs": "^4.1.3",
        "is-promise": "^2.1.0",
        "lodash": "4",
        "pify": "^3.0.0",
        "steno": "^0.4.1"
      },
      "dependencies": {
        "graceful-fs": {
          "version": "4.1.15",
          "bundled": true
        },
        "is-promise": {
          "version": "2.1.0",
          "bundled": true
        },
        "lodash": {
          "version": "4.17.11",
          "bundled": true
        },
        "pify": {
          "version": "3.0.0",
          "bundled": true
        },
        "steno": {
          "version": "0.4.4",
          "bundled": true,
          "requires": {
            "graceful-fs": "^4.1.3"
          }
        }
      }
    },
    "minimalistic-assert": {
      "version": "1.0.1",
      "resolved": "https://registry.npmjs.org/minimalistic-assert/-/minimalistic-assert-1.0.1.tgz",
      "integrity": "sha512-UtJcAD4yEaGtjPezWuO9wC4nwUnVH/8/Im3yEHQP4b67cXlD/Qr9hdITCU1xDbSEXg2XKNaP8jsReV7vQd00/A=="
    },
    "minimalistic-crypto-utils": {
      "version": "1.0.1",
      "resolved": "https://registry.npmjs.org/minimalistic-crypto-utils/-/minimalistic-crypto-utils-1.0.1.tgz",
      "integrity": "sha1-9sAMHAsIIkblxNmd+4x8CDsrWCo="
    },
    "minimist": {
      "version": "0.0.8",
      "resolved": "https://registry.npmjs.org/minimist/-/minimist-0.0.8.tgz",
      "integrity": "sha1-hX/Kv8M5fSYluCKCYuhqp6ARsF0="
    },
    "mkdirp": {
      "version": "0.5.1",
      "resolved": "https://registry.npmjs.org/mkdirp/-/mkdirp-0.5.1.tgz",
      "integrity": "sha1-MAV0OOrGz3+MR2fzhkjWaX11yQM=",
      "requires": {
        "minimist": "0.0.8"
      }
    },
    "nan": {
      "version": "2.13.2",
      "resolved": "https://registry.npmjs.org/nan/-/nan-2.13.2.tgz",
      "integrity": "sha512-TghvYc72wlMGMVMluVo9WRJc0mB8KxxF/gZ4YYFy7V2ZQX9l7rgbPg7vjS9mt6U5HXODVFVI2bOduCzwOMv/lw=="
    },
    "node-forge": {
      "version": "0.8.2",
      "resolved": "https://registry.npmjs.org/node-forge/-/node-forge-0.8.2.tgz",
      "integrity": "sha512-mXQ9GBq1N3uDCyV1pdSzgIguwgtVpM7f5/5J4ipz12PKWElmPpVWLDuWl8iXmhysr21+WmX/OJ5UKx82wjomgg=="
    },
    "node-jose": {
      "version": "1.1.3",
      "resolved": "https://registry.npmjs.org/node-jose/-/node-jose-1.1.3.tgz",
      "integrity": "sha512-kupfi4uGWhRjnOmtie2T64cLge5a1TZyalEa8uWWWBgtKBcu41A4IGKpI9twZAxRnmviamEUQRK7LSyfFb2w8A==",
      "requires": {
        "base64url": "^3.0.1",
        "es6-promise": "^4.2.6",
        "lodash": "^4.17.11",
        "long": "^4.0.0",
        "node-forge": "^0.8.1",
        "uuid": "^3.3.2"
      }
    },
    "node-webcrypto-ossl": {
      "version": "1.0.44",
      "resolved": "https://registry.npmjs.org/node-webcrypto-ossl/-/node-webcrypto-ossl-1.0.44.tgz",
      "integrity": "sha512-Sc6RHNacpsBRB20tgvuzS56/zf5qjeCFMAb2yGa/gOO2nl9LUQapVxgd+ERPK0LKNa84G1iuhIQ6tSUKRqR2Uw==",
      "requires": {
        "mkdirp": "^0.5.1",
        "nan": "^2.13.2",
        "tslib": "^1.9.3",
        "webcrypto-core": "^0.1.26"
      }
    },
    "nofilter": {
      "version": "1.0.2",
      "resolved": "https://registry.npmjs.org/nofilter/-/nofilter-1.0.2.tgz",
      "integrity": "sha512-d38SORxm9UNoDsnPXajV9nBEebKX4/paXAlyRGnSjZuFbLLZDFUO4objr+tbybqsbqGXDWllb6gQoKUDc9q3Cg=="
    },
    "pkijs": {
      "version": "2.1.58",
      "resolved": "https://registry.npmjs.org/pkijs/-/pkijs-2.1.58.tgz",
      "integrity": "sha512-HEcJ4SbZNdyB7Jb1G7Ot3Y/gd7kZyTDJBMIIZOFselrKrCouhGbQu4rm9Lg8bumBACckq724G9uNsZbNJ6d2gw==",
      "requires": {
        "asn1js": "^2.0.22",
        "bytestreamjs": "^1.0.27",
        "pvutils": "^1.0.17"
      },
      "dependencies": {
        "asn1js": {
          "version": "2.0.22",
          "resolved": "https://registry.npmjs.org/asn1js/-/asn1js-2.0.22.tgz",
          "integrity": "sha512-mKox8OHPmLZY0FUbd8JYsAu2lQk61yFH8gTq4N7AT7NzmUKISpy0LEjV/AfLyE/SNCUicdMDZUFbocsf/9qOTg==",
          "requires": {
            "pvutils": "^1.0.17"
          }
        }
      }
    },
    "psl": {
      "version": "1.1.31",
      "resolved": "https://registry.npmjs.org/psl/-/psl-1.1.31.tgz",
      "integrity": "sha512-/6pt4+C+T+wZUieKR620OpzN/LlnNKuWjy1iFLQ/UG35JqHlR/89MP1d96dUfkf6Dne3TuLQzOYEYshJ+Hx8mw=="
    },
    "pvutils": {
      "version": "1.0.17",
      "resolved": "https://registry.npmjs.org/pvutils/-/pvutils-1.0.17.tgz",
      "integrity": "sha512-wLHYUQxWaXVQvKnwIDWFVKDJku9XDCvyhhxoq8dc5MFdIlRenyPI9eSfEtcvgHgD7FlvCyGAlWgOzRnZD99GZQ=="
    },
    "safe-buffer": {
      "version": "5.1.2",
      "resolved": "https://registry.npmjs.org/safe-buffer/-/safe-buffer-5.1.2.tgz",
      "integrity": "sha512-Gd2UZBJDkXlY7GbJxfsE8/nvKkUEU1G38c1siN6QP6a9PT9MmHB8GnpscSmMJSoF8LOIrt8ud/wPtojys4G6+g=="
    },
    "tslib": {
      "version": "1.9.3",
      "resolved": "https://registry.npmjs.org/tslib/-/tslib-1.9.3.tgz",
      "integrity": "sha512-4krF8scpejhaOgqzBEcGM7yDIEfi0/8+8zDRZhNZZ2kjmHJ4hv3zCbQWxoJGz1iw5U0Jl0nma13xzHXcncMavQ=="
    },
    "uuid": {
      "version": "3.3.2",
      "resolved": "https://registry.npmjs.org/uuid/-/uuid-3.3.2.tgz",
      "integrity": "sha512-yXJmeNaw3DnnKAOKJE51sL/ZaYfWJRl1pK9dr19YFCu0ObS231AB1/LbqTKRAQ5kw8A90rA6fr4riOUpTZvQZA=="
    },
    "webcrypto-core": {
      "version": "0.1.26",
      "resolved": "https://registry.npmjs.org/webcrypto-core/-/webcrypto-core-0.1.26.tgz",
      "integrity": "sha512-BZVgJZkkHyuz8loKvsaOKiBDXDpmMZf5xG4QAOlSeYdXlFUl9c1FRrVnAXcOdb4fTHMG+TRu81odJwwSfKnWTA==",
      "requires": {
        "tslib": "^1.7.1"
      }
    }
  }
}
